PODS:
  - ReactorKit (1.2.1):
    - RxSwift (>= 4.0.0)
  - RIBs (0.9.1):
    - RxSwift (~> 4.0)
  - RxSwift (4.5.0)

DEPENDENCIES:
  - ReactorKit
  - RIBs (~> 0.9)

SPEC REPOS:
  trunk:
    - ReactorKit
    - RIBs
    - RxSwift

SPEC CHECKSUMS:
  ReactorKit: 8be57f0527ad1ac2963cd5c338274a46a01e57a3
  RIBs: 879184fbca567425c488d6b3d14a9c5abfbf9d47
  RxSwift: f172070dfd1a93d70a9ab97a5a01166206e1c575

PODFILE CHECKSUM: fbb6b9f45bd58dcdaa750c6f7a64a84334d93549

COCOAPODS: 1.10.0
