// !$*UTF8*$!
{
	archiveVersion = 1;
	classes = {
	};
	objectVersion = 51;
	objects = {

/* Begin PBXBuildFile section */
		1465A6BE2581ABBB0052EC84 /* SearchRouter.swift in Sources */ = {isa = PBXBuildFile; fileRef = 1465A6BA2581ABBB0052EC84 /* SearchRouter.swift */; };
		1465A6BF2581ABBB0052EC84 /* SearchViewController.swift in Sources */ = {isa = PBXBuildFile; fileRef = 1465A6BB2581ABBB0052EC84 /* SearchViewController.swift */; };
		1465A6C02581ABBB0052EC84 /* SearchBuilder.swift in Sources */ = {isa = PBXBuildFile; fileRef = 1465A6BC2581ABBB0052EC84 /* SearchBuilder.swift */; };
		1465A6C12581ABBB0052EC84 /* SearchInteractor.swift in Sources */ = {isa = PBXBuildFile; fileRef = 1465A6BD2581ABBB0052EC84 /* SearchInteractor.swift */; };
		14F8325325772F3600E3CC65 /* AppDelegate.swift in Sources */ = {isa = PBXBuildFile; fileRef = 14F8325225772F3600E3CC65 /* AppDelegate.swift */; };
		14F8325525772F3600E3CC65 /* SceneDelegate.swift in Sources */ = {isa = PBXBuildFile; fileRef = 14F8325425772F3600E3CC65 /* SceneDelegate.swift */; };
		14F8325A25772F3600E3CC65 /* Main.storyboard in Resources */ = {isa = PBXBuildFile; fileRef = 14F8325825772F3600E3CC65 /* Main.storyboard */; };
		14F8325C25772F3600E3CC65 /* Assets.xcassets in Resources */ = {isa = PBXBuildFile; fileRef = 14F8325B25772F3600E3CC65 /* Assets.xcassets */; };
		14F8325F25772F3600E3CC65 /* LaunchScreen.storyboard in Resources */ = {isa = PBXBuildFile; fileRef = 14F8325D25772F3600E3CC65 /* LaunchScreen.storyboard */; };
		14F8327A257730B500E3CC65 /* AppComponent.swift in Sources */ = {isa = PBXBuildFile; fileRef = 14F83279257730B500E3CC65 /* AppComponent.swift */; };
		14F832B42577382B00E3CC65 /* MainRouter.swift in Sources */ = {isa = PBXBuildFile; fileRef = 14F832B02577382B00E3CC65 /* MainRouter.swift */; };
		14F832B52577382B00E3CC65 /* MainViewController.swift in Sources */ = {isa = PBXBuildFile; fileRef = 14F832B12577382B00E3CC65 /* MainViewController.swift */; };
		14F832B62577382B00E3CC65 /* MainBuilder.swift in Sources */ = {isa = PBXBuildFile; fileRef = 14F832B22577382B00E3CC65 /* MainBuilder.swift */; };
		14F832B72577382B00E3CC65 /* MainInteractor.swift in Sources */ = {isa = PBXBuildFile; fileRef = 14F832B32577382B00E3CC65 /* MainInteractor.swift */; };
		14F832BE2577384000E3CC65 /* FirstTabRouter.swift in Sources */ = {isa = PBXBuildFile; fileRef = 14F832BA2577384000E3CC65 /* FirstTabRouter.swift */; };
		14F832BF2577384000E3CC65 /* FirstTabViewController.swift in Sources */ = {isa = PBXBuildFile; fileRef = 14F832BB2577384000E3CC65 /* FirstTabViewController.swift */; };
		14F832C02577384000E3CC65 /* FirstTabBuilder.swift in Sources */ = {isa = PBXBuildFile; fileRef = 14F832BC2577384000E3CC65 /* FirstTabBuilder.swift */; };
		14F832C12577384000E3CC65 /* FirstTabInteractor.swift in Sources */ = {isa = PBXBuildFile; fileRef = 14F832BD2577384000E3CC65 /* FirstTabInteractor.swift */; };
		14F832C82577389600E3CC65 /* SecondTabRouter.swift in Sources */ = {isa = PBXBuildFile; fileRef = 14F832C42577389600E3CC65 /* SecondTabRouter.swift */; };
		14F832C92577389600E3CC65 /* SecondTabViewController.swift in Sources */ = {isa = PBXBuildFile; fileRef = 14F832C52577389600E3CC65 /* SecondTabViewController.swift */; };
		14F832CA2577389600E3CC65 /* SecondTabBuilder.swift in Sources */ = {isa = PBXBuildFile; fileRef = 14F832C62577389600E3CC65 /* SecondTabBuilder.swift */; };
		14F832CB2577389600E3CC65 /* SecondTabInteractor.swift in Sources */ = {isa = PBXBuildFile; fileRef = 14F832C72577389600E3CC65 /* SecondTabInteractor.swift */; };
		14F8346C2578674000E3CC65 /* PostRouter.swift in Sources */ = {isa = PBXBuildFile; fileRef = 14F834682578674000E3CC65 /* PostRouter.swift */; };
		14F8346D2578674000E3CC65 /* PostViewController.swift in Sources */ = {isa = PBXBuildFile; fileRef = 14F834692578674000E3CC65 /* PostViewController.swift */; };
		14F8346E2578674000E3CC65 /* PostBuilder.swift in Sources */ = {isa = PBXBuildFile; fileRef = 14F8346A2578674000E3CC65 /* PostBuilder.swift */; };
		14F8346F2578674000E3CC65 /* PostInteractor.swift in Sources */ = {isa = PBXBuildFile; fileRef = 14F8346B2578674000E3CC65 /* PostInteractor.swift */; };
		4A85611B32E4626383AB52F1 /* Pods_TabRIBs.framework in Frameworks */ = {isa = PBXBuildFile; fileRef = B7790C368EB41DA580ED9E1A /* Pods_TabRIBs.framework */; };
/* End PBXBuildFile section */

/* Begin PBXFileReference section */
		1465A6BA2581ABBB0052EC84 /* SearchRouter.swift */ = {isa = PBXFileReference; lastKnownFileType = sourcecode.swift; path = SearchRouter.swift; sourceTree = "<group>"; };
		1465A6BB2581ABBB0052EC84 /* SearchViewController.swift */ = {isa = PBXFileReference; lastKnownFileType = sourcecode.swift; path = SearchViewController.swift; sourceTree = "<group>"; };
		1465A6BC2581ABBB0052EC84 /* SearchBuilder.swift */ = {isa = PBXFileReference; lastKnownFileType = sourcecode.swift; path = SearchBuilder.swift; sourceTree = "<group>"; };
		1465A6BD2581ABBB0052EC84 /* SearchInteractor.swift */ = {isa = PBXFileReference; lastKnownFileType = sourcecode.swift; path = SearchInteractor.swift; sourceTree = "<group>"; };
		14F8324F25772F3600E3CC65 /* TabRIBs.app */ = {isa = PBXFileReference; explicitFileType = wrapper.application; includeInIndex = 0; path = TabRIBs.app; sourceTree = BUILT_PRODUCTS_DIR; };
		14F8325225772F3600E3CC65 /* AppDelegate.swift */ = {isa = PBXFileReference; lastKnownFileType = sourcecode.swift; path = AppDelegate.swift; sourceTree = "<group>"; };
		14F8325425772F3600E3CC65 /* SceneDelegate.swift */ = {isa = PBXFileReference; lastKnownFileType = sourcecode.swift; path = SceneDelegate.swift; sourceTree = "<group>"; };
		14F8325925772F3600E3CC65 /* Base */ = {isa = PBXFileReference; lastKnownFileType = file.storyboard; name = Base; path = Base.lproj/Main.storyboard; sourceTree = "<group>"; };
		14F8325B25772F3600E3CC65 /* Assets.xcassets */ = {isa = PBXFileReference; lastKnownFileType = folder.assetcatalog; path = Assets.xcassets; sourceTree = "<group>"; };
		14F8325E25772F3600E3CC65 /* Base */ = {isa = PBXFileReference; lastKnownFileType = file.storyboard; name = Base; path = Base.lproj/LaunchScreen.storyboard; sourceTree = "<group>"; };
		14F8326025772F3600E3CC65 /* Info.plist */ = {isa = PBXFileReference; lastKnownFileType = text.plist.xml; path = Info.plist; sourceTree = "<group>"; };
		14F83279257730B500E3CC65 /* AppComponent.swift */ = {isa = PBXFileReference; fileEncoding = 4; lastKnownFileType = sourcecode.swift; path = AppComponent.swift; sourceTree = "<group>"; };
		14F832B02577382B00E3CC65 /* MainRouter.swift */ = {isa = PBXFileReference; lastKnownFileType = sourcecode.swift; path = MainRouter.swift; sourceTree = "<group>"; };
		14F832B12577382B00E3CC65 /* MainViewController.swift */ = {isa = PBXFileReference; lastKnownFileType = sourcecode.swift; path = MainViewController.swift; sourceTree = "<group>"; };
		14F832B22577382B00E3CC65 /* MainBuilder.swift */ = {isa = PBXFileReference; lastKnownFileType = sourcecode.swift; path = MainBuilder.swift; sourceTree = "<group>"; };
		14F832B32577382B00E3CC65 /* MainInteractor.swift */ = {isa = PBXFileReference; lastKnownFileType = sourcecode.swift; path = MainInteractor.swift; sourceTree = "<group>"; };
		14F832BA2577384000E3CC65 /* FirstTabRouter.swift */ = {isa = PBXFileReference; lastKnownFileType = sourcecode.swift; path = FirstTabRouter.swift; sourceTree = "<group>"; };
		14F832BB2577384000E3CC65 /* FirstTabViewController.swift */ = {isa = PBXFileReference; lastKnownFileType = sourcecode.swift; path = FirstTabViewController.swift; sourceTree = "<group>"; };
		14F832BC2577384000E3CC65 /* FirstTabBuilder.swift */ = {isa = PBXFileReference; lastKnownFileType = sourcecode.swift; path = FirstTabBuilder.swift; sourceTree = "<group>"; };
		14F832BD2577384000E3CC65 /* FirstTabInteractor.swift */ = {isa = PBXFileReference; lastKnownFileType = sourcecode.swift; path = FirstTabInteractor.swift; sourceTree = "<group>"; };
		14F832C42577389600E3CC65 /* SecondTabRouter.swift */ = {isa = PBXFileReference; lastKnownFileType = sourcecode.swift; path = SecondTabRouter.swift; sourceTree = "<group>"; };
		14F832C52577389600E3CC65 /* SecondTabViewController.swift */ = {isa = PBXFileReference; lastKnownFileType = sourcecode.swift; path = SecondTabViewController.swift; sourceTree = "<group>"; };
		14F832C62577389600E3CC65 /* SecondTabBuilder.swift */ = {isa = PBXFileReference; lastKnownFileType = sourcecode.swift; path = SecondTabBuilder.swift; sourceTree = "<group>"; };
		14F832C72577389600E3CC65 /* SecondTabInteractor.swift */ = {isa = PBXFileReference; lastKnownFileType = sourcecode.swift; path = SecondTabInteractor.swift; sourceTree = "<group>"; };
		14F834682578674000E3CC65 /* PostRouter.swift */ = {isa = PBXFileReference; lastKnownFileType = sourcecode.swift; path = PostRouter.swift; sourceTree = "<group>"; };
		14F834692578674000E3CC65 /* PostViewController.swift */ = {isa = PBXFileReference; lastKnownFileType = sourcecode.swift; path = PostViewController.swift; sourceTree = "<group>"; };
		14F8346A2578674000E3CC65 /* PostBuilder.swift */ = {isa = PBXFileReference; lastKnownFileType = sourcecode.swift; path = PostBuilder.swift; sourceTree = "<group>"; };
		14F8346B2578674000E3CC65 /* PostInteractor.swift */ = {isa = PBXFileReference; lastKnownFileType = sourcecode.swift; path = PostInteractor.swift; sourceTree = "<group>"; };
		2B3C93FA8DB889CFFBB7CE4C /* Pods-TabRIBs.release.xcconfig */ = {isa = PBXFileReference; includeInIndex = 1; lastKnownFileType = text.xcconfig; name = "Pods-TabRIBs.release.xcconfig"; path = "Target Support Files/Pods-TabRIBs/Pods-TabRIBs.release.xcconfig"; sourceTree = "<group>"; };
		4526E730D7D9AC72AB3EA652 /* Pods-TabRIBs.debug.xcconfig */ = {isa = PBXFileReference; includeInIndex = 1; lastKnownFileType = text.xcconfig; name = "Pods-TabRIBs.debug.xcconfig"; path = "Target Support Files/Pods-TabRIBs/Pods-TabRIBs.debug.xcconfig"; sourceTree = "<group>"; };
		B7790C368EB41DA580ED9E1A /* Pods_TabRIBs.framework */ = {isa = PBXFileReference; explicitFileType = wrapper.framework; includeInIndex = 0; path = Pods_TabRIBs.framework; sourceTree = BUILT_PRODUCTS_DIR; };
/* End PBXFileReference section */

/* Begin PBXFrameworksBuildPhase section */
		14F8324C25772F3600E3CC65 /* Frameworks */ = {
			isa = PBXFrameworksBuildPhase;
			buildActionMask = 2147483647;
			files = (
				4A85611B32E4626383AB52F1 /* Pods_TabRIBs.framework in Frameworks */,
			);
			runOnlyForDeploymentPostprocessing = 0;
		};
/* End PBXFrameworksBuildPhase section */

/* Begin PBXGroup section */
		0CDD880BBFC96C47E52FF9E6 /* Pods */ = {
			isa = PBXGroup;
			children = (
				4526E730D7D9AC72AB3EA652 /* Pods-TabRIBs.debug.xcconfig */,
				2B3C93FA8DB889CFFBB7CE4C /* Pods-TabRIBs.release.xcconfig */,
			);
			path = Pods;
			sourceTree = "<group>";
		};
		1465A6B92581ABA30052EC84 /* Search */ = {
			isa = PBXGroup;
			children = (
				1465A6BA2581ABBB0052EC84 /* SearchRouter.swift */,
				1465A6BB2581ABBB0052EC84 /* SearchViewController.swift */,
				1465A6BC2581ABBB0052EC84 /* SearchBuilder.swift */,
				1465A6BD2581ABBB0052EC84 /* SearchInteractor.swift */,
			);
			path = Search;
			sourceTree = "<group>";
		};
		14F8324625772F3600E3CC65 = {
			isa = PBXGroup;
			children = (
				14F8325125772F3600E3CC65 /* TabRIBs */,
				14F8325025772F3600E3CC65 /* Products */,
				0CDD880BBFC96C47E52FF9E6 /* Pods */,
				EB80C922F3A0ADA401DC6484 /* Frameworks */,
			);
			sourceTree = "<group>";
		};
		14F8325025772F3600E3CC65 /* Products */ = {
			isa = PBXGroup;
			children = (
				14F8324F25772F3600E3CC65 /* TabRIBs.app */,
			);
			name = Products;
			sourceTree = "<group>";
		};
		14F8325125772F3600E3CC65 /* TabRIBs */ = {
			isa = PBXGroup;
			children = (
				14F832AF2577381A00E3CC65 /* Main */,
				14F832A62577371700E3CC65 /* FirstTab */,
				14F832A72577371C00E3CC65 /* SecondTab */,
				14F834672578673400E3CC65 /* Post */,
				1465A6B92581ABA30052EC84 /* Search */,
				14F832A82577372200E3CC65 /* Resources */,
				14F8325225772F3600E3CC65 /* AppDelegate.swift */,
				14F8325425772F3600E3CC65 /* SceneDelegate.swift */,
				14F83279257730B500E3CC65 /* AppComponent.swift */,
				14F8326025772F3600E3CC65 /* Info.plist */,
			);
			path = TabRIBs;
			sourceTree = "<group>";
		};
		14F832A62577371700E3CC65 /* FirstTab */ = {
			isa = PBXGroup;
			children = (
				14F832BA2577384000E3CC65 /* FirstTabRouter.swift */,
				14F832BB2577384000E3CC65 /* FirstTabViewController.swift */,
				14F832BC2577384000E3CC65 /* FirstTabBuilder.swift */,
				14F832BD2577384000E3CC65 /* FirstTabInteractor.swift */,
			);
			path = FirstTab;
			sourceTree = "<group>";
		};
		14F832A72577371C00E3CC65 /* SecondTab */ = {
			isa = PBXGroup;
			children = (
				14F832C42577389600E3CC65 /* SecondTabRouter.swift */,
				14F832C52577389600E3CC65 /* SecondTabViewController.swift */,
				14F832C72577389600E3CC65 /* SecondTabInteractor.swift */,
				14F832C62577389600E3CC65 /* SecondTabBuilder.swift */,
			);
			path = SecondTab;
			sourceTree = "<group>";
		};
		14F832A82577372200E3CC65 /* Resources */ = {
			isa = PBXGroup;
			children = (
				14F8325B25772F3600E3CC65 /* Assets.xcassets */,
				14F8325D25772F3600E3CC65 /* LaunchScreen.storyboard */,
				14F8325825772F3600E3CC65 /* Main.storyboard */,
			);
			path = Resources;
			sourceTree = "<group>";
		};
		14F832AF2577381A00E3CC65 /* Main */ = {
			isa = PBXGroup;
			children = (
				14F832B02577382B00E3CC65 /* MainRouter.swift */,
				14F832B12577382B00E3CC65 /* MainViewController.swift */,
				14F832B22577382B00E3CC65 /* MainBuilder.swift */,
				14F832B32577382B00E3CC65 /* MainInteractor.swift */,
			);
			path = Main;
			sourceTree = "<group>";
		};
		14F834672578673400E3CC65 /* Post */ = {
			isa = PBXGroup;
			children = (
				14F834682578674000E3CC65 /* PostRouter.swift */,
				14F834692578674000E3CC65 /* PostViewController.swift */,
				14F8346A2578674000E3CC65 /* PostBuilder.swift */,
				14F8346B2578674000E3CC65 /* PostInteractor.swift */,
			);
			path = Post;
			sourceTree = "<group>";
		};
		EB80C922F3A0ADA401DC6484 /* Frameworks */ = {
			isa = PBXGroup;
			children = (
				B7790C368EB41DA580ED9E1A /* Pods_TabRIBs.framework */,
			);
			name = Frameworks;
			sourceTree = "<group>";
		};
/* End PBXGroup section */

/* Begin PBXNativeTarget section */
		14F8324E25772F3600E3CC65 /* TabRIBs */ = {
			isa = PBXNativeTarget;
			buildConfigurationList = 14F8326325772F3600E3CC65 /* Build configuration list for PBXNativeTarget "TabRIBs" */;
			buildPhases = (
				1978B34C917943E25B5E0D16 /* [CP] Check Pods Manifest.lock */,
				14F8324B25772F3600E3CC65 /* Sources */,
				14F8324C25772F3600E3CC65 /* Frameworks */,
				14F8324D25772F3600E3CC65 /* Resources */,
				AE183072431A54925BC984F1 /* [CP] Embed Pods Frameworks */,
			);
			buildRules = (
			);
			dependencies = (
			);
			name = TabRIBs;
			productName = TabRIBs;
			productReference = 14F8324F25772F3600E3CC65 /* TabRIBs.app */;
			productType = "com.apple.product-type.application";
		};
/* End PBXNativeTarget section */

/* Begin PBXProject section */
		14F8324725772F3600E3CC65 /* Project object */ = {
			isa = PBXProject;
			attributes = {
				LastSwiftUpdateCheck = 1220;
				LastUpgradeCheck = 1220;
				TargetAttributes = {
					14F8324E25772F3600E3CC65 = {
						CreatedOnToolsVersion = 12.2;
					};
				};
			};
			buildConfigurationList = 14F8324A25772F3600E3CC65 /* Build configuration list for PBXProject "TabRIBs" */;
			compatibilityVersion = "Xcode 9.3";
			developmentRegion = en;
			hasScannedForEncodings = 0;
			knownRegions = (
				en,
				Base,
			);
			mainGroup = 14F8324625772F3600E3CC65;
			productRefGroup = 14F8325025772F3600E3CC65 /* Products */;
			projectDirPath = "";
			projectRoot = "";
			targets = (
				14F8324E25772F3600E3CC65 /* TabRIBs */,
			);
		};
/* End PBXProject section */

/* Begin PBXResourcesBuildPhase section */
		14F8324D25772F3600E3CC65 /* Resources */ = {
			isa = PBXResourcesBuildPhase;
			buildActionMask = 2147483647;
			files = (
				14F8325F25772F3600E3CC65 /* LaunchScreen.storyboard in Resources */,
				14F8325C25772F3600E3CC65 /* Assets.xcassets in Resources */,
				14F8325A25772F3600E3CC65 /* Main.storyboard in Resources */,
			);
			runOnlyForDeploymentPostprocessing = 0;
		};
/* End PBXResourcesBuildPhase section */

/* Begin PBXShellScriptBuildPhase section */
		1978B34C917943E25B5E0D16 /* [CP] Check Pods Manifest.lock */ = {
			isa = PBXShellScriptBuildPhase;
			buildActionMask = 2147483647;
			files = (
			);
			inputFileListPaths = (
			);
			inputPaths = (
				"${PODS_PODFILE_DIR_PATH}/Podfile.lock",
				"${PODS_ROOT}/Manifest.lock",
			);
			name = "[CP] Check Pods Manifest.lock";
			outputFileListPaths = (
			);
			outputPaths = (
				"$(DERIVED_FILE_DIR)/Pods-TabRIBs-checkManifestLockResult.txt",
			);
			runOnlyForDeploymentPostprocessing = 0;
			shellPath = /bin/sh;
			shellScript = "diff \"${PODS_PODFILE_DIR_PATH}/Podfile.lock\" \"${PODS_ROOT}/Manifest.lock\" > /dev/null\nif [ $? != 0 ] ; then\n    # print error to STDERR\n    echo \"error: The sandbox is not in sync with the Podfile.lock. Run 'pod install' or update your CocoaPods installation.\" >&2\n    exit 1\nfi\n# This output is used by Xcode 'outputs' to avoid re-running this script phase.\necho \"SUCCESS\" > \"${SCRIPT_OUTPUT_FILE_0}\"\n";
			showEnvVarsInLog = 0;
		};
		AE183072431A54925BC984F1 /* [CP] Embed Pods Frameworks */ = {
			isa = PBXShellScriptBuildPhase;
			buildActionMask = 2147483647;
			files = (
			);
			inputFileListPaths = (
				"${PODS_ROOT}/Target Support Files/Pods-TabRIBs/Pods-TabRIBs-frameworks-${CONFIGURATION}-input-files.xcfilelist",
			);
			name = "[CP] Embed Pods Frameworks";
			outputFileListPaths = (
				"${PODS_ROOT}/Target Support Files/Pods-TabRIBs/Pods-TabRIBs-frameworks-${CONFIGURATION}-output-files.xcfilelist",
			);
			runOnlyForDeploymentPostprocessing = 0;
			shellPath = /bin/sh;
			shellScript = "\"${PODS_ROOT}/Target Support Files/Pods-TabRIBs/Pods-TabRIBs-frameworks.sh\"\n";
			showEnvVarsInLog = 0;
		};
/* End PBXShellScriptBuildPhase section */

/* Begin PBXSourcesBuildPhase section */
		14F8324B25772F3600E3CC65 /* Sources */ = {
			isa = PBXSourcesBuildPhase;
			buildActionMask = 2147483647;
			files = (
				14F832C12577384000E3CC65 /* FirstTabInteractor.swift in Sources */,
				14F832C92577389600E3CC65 /* SecondTabViewController.swift in Sources */,
				14F8346C2578674000E3CC65 /* PostRouter.swift in Sources */,
				14F8346F2578674000E3CC65 /* PostInteractor.swift in Sources */,
				14F8346D2578674000E3CC65 /* PostViewController.swift in Sources */,
				1465A6C02581ABBB0052EC84 /* SearchBuilder.swift in Sources */,
				14F832C02577384000E3CC65 /* FirstTabBuilder.swift in Sources */,
				14F832B42577382B00E3CC65 /* MainRouter.swift in Sources */,
				14F832CA2577389600E3CC65 /* SecondTabBuilder.swift in Sources */,
				14F8346E2578674000E3CC65 /* PostBuilder.swift in Sources */,
				14F832C82577389600E3CC65 /* SecondTabRouter.swift in Sources */,
				14F8327A257730B500E3CC65 /* AppComponent.swift in Sources */,
				14F832CB2577389600E3CC65 /* SecondTabInteractor.swift in Sources */,
				14F832B62577382B00E3CC65 /* MainBuilder.swift in Sources */,
				14F8325325772F3600E3CC65 /* AppDelegate.swift in Sources */,
				14F832B72577382B00E3CC65 /* MainInteractor.swift in Sources */,
				1465A6BF2581ABBB0052EC84 /* SearchViewController.swift in Sources */,
				14F832BE2577384000E3CC65 /* FirstTabRouter.swift in Sources */,
				1465A6BE2581ABBB0052EC84 /* SearchRouter.swift in Sources */,
				14F832BF2577384000E3CC65 /* FirstTabViewController.swift in Sources */,
				14F832B52577382B00E3CC65 /* MainViewController.swift in Sources */,
				14F8325525772F3600E3CC65 /* SceneDelegate.swift in Sources */,
				1465A6C12581ABBB0052EC84 /* SearchInteractor.swift in Sources */,
			);
			runOnlyForDeploymentPostprocessing = 0;
		};
/* End PBXSourcesBuildPhase section */

/* Begin PBXVariantGroup section */
		14F8325825772F3600E3CC65 /* Main.storyboard */ = {
			isa = PBXVariantGroup;
			children = (
				14F8325925772F3600E3CC65 /* Base */,
			);
			name = Main.storyboard;
			sourceTree = "<group>";
		};
		14F8325D25772F3600E3CC65 /* LaunchScreen.storyboard */ = {
			isa = PBXVariantGroup;
			children = (
				14F8325E25772F3600E3CC65 /* Base */,
			);
			name = LaunchScreen.storyboard;
			sourceTree = "<group>";
		};
/* End PBXVariantGroup section */

/* Begin XCBuildConfiguration section */
		14F8326125772F3600E3CC65 /* Debug */ = {
			isa = XCBuildConfiguration;
			buildSettings = {
				ALWAYS_SEARCH_USER_PATHS = NO;
				CLANG_ANALYZER_NONNULL = YES;
				CLANG_ANALYZER_NUMBER_OBJECT_CONVERSION = YES_AGGRESSIVE;
				CLANG_CXX_LANGUAGE_STANDARD = "gnu++14";
				CLANG_CXX_LIBRARY = "libc++";
				CLANG_ENABLE_MODULES = YES;
				CLANG_ENABLE_OBJC_ARC = YES;
				CLANG_ENABLE_OBJC_WEAK = YES;
				CLANG_WARN_BLOCK_CAPTURE_AUTORELEASING = YES;
				CLANG_WARN_BOOL_CONVERSION = YES;
				CLANG_WARN_COMMA = YES;
				CLANG_WARN_CONSTANT_CONVERSION = YES;
				CLANG_WARN_DEPRECATED_OBJC_IMPLEMENTATIONS = YES;
				CLANG_WARN_DIRECT_OBJC_ISA_USAGE = YES_ERROR;
				CLANG_WARN_DOCUMENTATION_COMMENTS = YES;
				CLANG_WARN_EMPTY_BODY = YES;
				CLANG_WARN_ENUM_CONVERSION = YES;
				CLANG_WARN_INFINITE_RECURSION = YES;
				CLANG_WARN_INT_CONVERSION = YES;
				CLANG_WARN_NON_LITERAL_NULL_CONVERSION = YES;
				CLANG_WARN_OBJC_IMPLICIT_RETAIN_SELF = YES;
				CLANG_WARN_OBJC_LITERAL_CONVERSION = YES;
				CLANG_WARN_OBJC_ROOT_CLASS = YES_ERROR;
				CLANG_WARN_QUOTED_INCLUDE_IN_FRAMEWORK_HEADER = YES;
				CLANG_WARN_RANGE_LOOP_ANALYSIS = YES;
				CLANG_WARN_STRICT_PROTOTYPES = YES;
				CLANG_WARN_SUSPICIOUS_MOVE = YES;
				CLANG_WARN_UNGUARDED_AVAILABILITY = YES_AGGRESSIVE;
				CLANG_WARN_UNREACHABLE_CODE = YES;
				CLANG_WARN__DUPLICATE_METHOD_MATCH = YES;
				COPY_PHASE_STRIP = NO;
				DEBUG_INFORMATION_FORMAT = dwarf;
				ENABLE_STRICT_OBJC_MSGSEND = YES;
				ENABLE_TESTABILITY = YES;
				GCC_C_LANGUAGE_STANDARD = gnu11;
				GCC_DYNAMIC_NO_PIC = NO;
				GCC_NO_COMMON_BLOCKS = YES;
				GCC_OPTIMIZATION_LEVEL = 0;
				GCC_PREPROCESSOR_DEFINITIONS = (
					"DEBUG=1",
					"$(inherited)",
				);
				GCC_WARN_64_TO_32_BIT_CONVERSION = YES;
				GCC_WARN_ABOUT_RETURN_TYPE = YES_ERROR;
				GCC_WARN_UNDECLARED_SELECTOR = YES;
				GCC_WARN_UNINITIALIZED_AUTOS = YES_AGGRESSIVE;
				GCC_WARN_UNUSED_FUNCTION = YES;
				GCC_WARN_UNUSED_VARIABLE = YES;
				IPHONEOS_DEPLOYMENT_TARGET = 14.2;
				MTL_ENABLE_DEBUG_INFO = INCLUDE_SOURCE;
				MTL_FAST_MATH = YES;
				ONLY_ACTIVE_ARCH = YES;
				SDKROOT = iphoneos;
				SWIFT_ACTIVE_COMPILATION_CONDITIONS = DEBUG;
				SWIFT_OPTIMIZATION_LEVEL = "-Onone";
			};
			name = Debug;
		};
		14F8326225772F3600E3CC65 /* Release */ = {
			isa = XCBuildConfiguration;
			buildSettings = {
				ALWAYS_SEARCH_USER_PATHS = NO;
				CLANG_ANALYZER_NONNULL = YES;
				CLANG_ANALYZER_NUMBER_OBJECT_CONVERSION = YES_AGGRESSIVE;
				CLANG_CXX_LANGUAGE_STANDARD = "gnu++14";
				CLANG_CXX_LIBRARY = "libc++";
				CLANG_ENABLE_MODULES = YES;
				CLANG_ENABLE_OBJC_ARC = YES;
				CLANG_ENABLE_OBJC_WEAK = YES;
				CLANG_WARN_BLOCK_CAPTURE_AUTORELEASING = YES;
				CLANG_WARN_BOOL_CONVERSION = YES;
				CLANG_WARN_COMMA = YES;
				CLANG_WARN_CONSTANT_CONVERSION = YES;
				CLANG_WARN_DEPRECATED_OBJC_IMPLEMENTATIONS = YES;
				CLANG_WARN_DIRECT_OBJC_ISA_USAGE = YES_ERROR;
				CLANG_WARN_DOCUMENTATION_COMMENTS = YES;
				CLANG_WARN_EMPTY_BODY = YES;
				CLANG_WARN_ENUM_CONVERSION = YES;
				CLANG_WARN_INFINITE_RECURSION = YES;
				CLANG_WARN_INT_CONVERSION = YES;
				CLANG_WARN_NON_LITERAL_NULL_CONVERSION = YES;
				CLANG_WARN_OBJC_IMPLICIT_RETAIN_SELF = YES;
				CLANG_WARN_OBJC_LITERAL_CONVERSION = YES;
				CLANG_WARN_OBJC_ROOT_CLASS = YES_ERROR;
				CLANG_WARN_QUOTED_INCLUDE_IN_FRAMEWORK_HEADER = YES;
				CLANG_WARN_RANGE_LOOP_ANALYSIS = YES;
				CLANG_WARN_STRICT_PROTOTYPES = YES;
				CLANG_WARN_SUSPICIOUS_MOVE = YES;
				CLANG_WARN_UNGUARDED_AVAILABILITY = YES_AGGRESSIVE;
				CLANG_WARN_UNREACHABLE_CODE = YES;
				CLANG_WARN__DUPLICATE_METHOD_MATCH = YES;
				COPY_PHASE_STRIP = NO;
				DEBUG_INFORMATION_FORMAT = "dwarf-with-dsym";
				ENABLE_NS_ASSERTIONS = NO;
				ENABLE_STRICT_OBJC_MSGSEND = YES;
				GCC_C_LANGUAGE_STANDARD = gnu11;
				GCC_NO_COMMON_BLOCKS = YES;
				GCC_WARN_64_TO_32_BIT_CONVERSION = YES;
				GCC_WARN_ABOUT_RETURN_TYPE = YES_ERROR;
				GCC_WARN_UNDECLARED_SELECTOR = YES;
				GCC_WARN_UNINITIALIZED_AUTOS = YES_AGGRESSIVE;
				GCC_WARN_UNUSED_FUNCTION = YES;
				GCC_WARN_UNUSED_VARIABLE = YES;
				IPHONEOS_DEPLOYMENT_TARGET = 14.2;
				MTL_ENABLE_DEBUG_INFO = NO;
				MTL_FAST_MATH = YES;
				SDKROOT = iphoneos;
				SWIFT_COMPILATION_MODE = wholemodule;
				SWIFT_OPTIMIZATION_LEVEL = "-O";
				VALIDATE_PRODUCT = YES;
			};
			name = Release;
		};
		14F8326425772F3600E3CC65 /* Debug */ = {
			isa = XCBuildConfiguration;
			baseConfigurationReference = 4526E730D7D9AC72AB3EA652 /* Pods-TabRIBs.debug.xcconfig */;
			buildSettings = {
				ASSETCATALOG_COMPILER_APPICON_NAME = AppIcon;
				ASSETCATALOG_COMPILER_GLOBAL_ACCENT_COLOR_NAME = AccentColor;
				CODE_SIGN_STYLE = Automatic;
				DEVELOPMENT_TEAM = 9BD2FZATPN;
				INFOPLIST_FILE = TabRIBs/Info.plist;
				LD_RUNPATH_SEARCH_PATHS = (
					"$(inherited)",
					"@executable_path/Frameworks",
				);
				PRODUCT_BUNDLE_IDENTIFIER = com.zedd.TabRIBs;
				PRODUCT_NAME = "$(TARGET_NAME)";
				SWIFT_VERSION = 5.0;
				TARGETED_DEVICE_FAMILY = "1,2";
			};
			name = Debug;
		};
		14F8326525772F3600E3CC65 /* Release */ = {
			isa = XCBuildConfiguration;
			baseConfigurationReference = 2B3C93FA8DB889CFFBB7CE4C /* Pods-TabRIBs.release.xcconfig */;
			buildSettings = {
				ASSETCATALOG_COMPILER_APPICON_NAME = AppIcon;
				ASSETCATALOG_COMPILER_GLOBAL_ACCENT_COLOR_NAME = AccentColor;
				CODE_SIGN_STYLE = Automatic;
				DEVELOPMENT_TEAM = 9BD2FZATPN;
				INFOPLIST_FILE = TabRIBs/Info.plist;
				LD_RUNPATH_SEARCH_PATHS = (
					"$(inherited)",
					"@executable_path/Frameworks",
				);
				PRODUCT_BUNDLE_IDENTIFIER = com.zedd.TabRIBs;
				PRODUCT_NAME = "$(TARGET_NAME)";
				SWIFT_VERSION = 5.0;
				TARGETED_DEVICE_FAMILY = "1,2";
			};
			name = Release;
		};
/* End XCBuildConfiguration section */

/* Begin XCConfigurationList section */
		14F8324A25772F3600E3CC65 /* Build configuration list for PBXProject "TabRIBs" */ = {
			isa = XCConfigurationList;
			buildConfigurations = (
				14F8326125772F3600E3CC65 /* Debug */,
				14F8326225772F3600E3CC65 /* Release */,
			);
			defaultConfigurationIsVisible = 0;
			defaultConfigurationName = Release;
		};
		14F8326325772F3600E3CC65 /* Build configuration list for PBXNativeTarget "TabRIBs" */ = {
			isa = XCConfigurationList;
			buildConfigurations = (
				14F8326425772F3600E3CC65 /* Debug */,
				14F8326525772F3600E3CC65 /* Release */,
			);
			defaultConfigurationIsVisible = 0;
			defaultConfigurationName = Release;
		};
/* End XCConfigurationList section */
	};
	rootObject = 14F8324725772F3600E3CC65 /* Project object */;
}
